
Microsoft Visual Studio Solution File, Format Version 12.00
# Visual Studio Version 17
VisualStudioVersion = 17.7.34024.191
MinimumVisualStudioVersion = 10.0.40219.1
Project("{FAE04EC0-301F-11D3-BF4B-00C04F79EFBC}") = "SimplePlugin", "SimplePlugin\SimplePlugin.csproj", "{F03854ED-C610-47DC-85FF-BB8CD59AAEDD}"
EndProject
Project("{FAE04EC0-301F-11D3-BF4B-00C04F79EFBC}") = "Daybreak.Shared", "..\..\..\Daybreak.Shared\Daybreak.Shared.csproj", "{ED216205-2F90-0BB5-0D98-3A415A0CFC17}"
EndProject
Global
	GlobalSection(SolutionConfigurationPlatforms) = preSolution
		Debug|Any CPU = Debug|Any CPU
		Debug|x64 = Debug|x64
		Debug|x86 = Debug|x86
		Release|Any CPU = Release|Any CPU
		Release|x64 = Release|x64
		Release|x86 = Release|x86
	EndGlobalSection
	GlobalSection(ProjectConfigurationPlatforms) = postSolution
		{F03854ED-C610-47DC-85FF-BB8CD59AAEDD}.Debug|Any CPU.ActiveCfg = Debug|Any CPU
		{F03854ED-C610-47DC-85FF-BB8CD59AAEDD}.Debug|Any CPU.Build.0 = Debug|Any CPU
		{F03854ED-C610-47DC-85FF-BB8CD59AAEDD}.Debug|x64.ActiveCfg = Debug|Any CPU
		{F03854ED-C610-47DC-85FF-BB8CD59AAEDD}.Debug|x64.Build.0 = Debug|Any CPU
		{F03854ED-C610-47DC-85FF-BB8CD59AAEDD}.Debug|x86.ActiveCfg = Debug|Any CPU
		{F03854ED-C610-47DC-85FF-BB8CD59AAEDD}.Debug|x86.Build.0 = Debug|Any CPU
		{F03854ED-C610-47DC-85FF-BB8CD59AAEDD}.Release|Any CPU.ActiveCfg = Release|Any CPU
		{F03854ED-C610-47DC-85FF-BB8CD59AAEDD}.Release|Any CPU.Build.0 = Release|Any CPU
		{F03854ED-C610-47DC-85FF-BB8CD59AAEDD}.Release|x64.ActiveCfg = Release|Any CPU
		{F03854ED-C610-47DC-85FF-BB8CD59AAEDD}.Release|x64.Build.0 = Release|Any CPU
		{F03854ED-C610-47DC-85FF-BB8CD59AAEDD}.Release|x86.ActiveCfg = Release|Any CPU
		{F03854ED-C610-47DC-85FF-BB8CD59AAEDD}.Release|x86.Build.0 = Release|Any CPU
		{ED216205-2F90-0BB5-0D98-3A415A0CFC17}.Debug|Any CPU.ActiveCfg = Debug|Any CPU
		{ED216205-2F90-0BB5-0D98-3A415A0CFC17}.Debug|Any CPU.Build.0 = Debug|Any CPU
		{ED216205-2F90-0BB5-0D98-3A415A0CFC17}.Debug|x64.ActiveCfg = Debug|Any CPU
		{ED216205-2F90-0BB5-0D98-3A415A0CFC17}.Debug|x64.Build.0 = Debug|Any CPU
		{ED216205-2F90-0BB5-0D98-3A415A0CFC17}.Debug|x86.ActiveCfg = Debug|Any CPU
		{ED216205-2F90-0BB5-0D98-3A415A0CFC17}.Debug|x86.Build.0 = Debug|Any CPU
		{ED216205-2F90-0BB5-0D98-3A415A0CFC17}.Release|Any CPU.ActiveCfg = Release|Any CPU
		{ED216205-2F90-0BB5-0D98-3A415A0CFC17}.Release|Any CPU.Build.0 = Release|Any CPU
		{ED216205-2F90-0BB5-0D98-3A415A0CFC17}.Release|x64.ActiveCfg = Release|Any CPU
		{ED216205-2F90-0BB5-0D98-3A415A0CFC17}.Release|x64.Build.0 = Release|Any CPU
		{ED216205-2F90-0BB5-0D98-3A415A0CFC17}.Release|x86.ActiveCfg = Release|Any CPU
		{ED216205-2F90-0BB5-0D98-3A415A0CFC17}.Release|x86.Build.0 = Release|Any CPU
	EndGlobalSection
	GlobalSection(SolutionProperties) = preSolution
		HideSolutionNode = FALSE
	EndGlobalSection
	GlobalSection(ExtensibilityGlobals) = postSolution
		SolutionGuid = {FCED30C2-186B-4550-A55A-FBD7489ED4B9}
	EndGlobalSection
EndGlobal
